
Microsoft Visual Studio Solution File, Format Version 12.00
# Visual Studio Version 17
VisualStudioVersion = 17.9.34723.18
MinimumVisualStudioVersion = 10.0.40219.1
Project("{FAE04EC0-301F-11D3-BF4B-00C04F79EFBC}") = "HelloWorld", "HelloWorld\HelloWorld.csproj", "{BBFC27A9-913D-4759-8CA9-BD261CD54C4C}"
EndProject
Global
	GlobalSection(SolutionConfigurationPlatforms) = preSolution
		Debug|Any CPU = Debug|Any CPU
		Release|Any CPU = Release|Any CPU
	EndGlobalSection
	GlobalSection(ProjectConfigurationPlatforms) = postSolution
		{BBFC27A9-913D-4759-8CA9-BD261CD54C4C}.Debug|Any CPU.ActiveCfg = Debug|Any CPU
		{BBFC27A9-913D-4759-8CA9-BD261CD54C4C}.Debug|Any CPU.Build.0 = Debug|Any CPU
		{BBFC27A9-913D-4759-8CA9-BD261CD54C4C}.Release|Any CPU.ActiveCfg = Release|Any CPU
		{BBFC27A9-913D-4759-8CA9-BD261CD54C4C}.Release|Any CPU.Build.0 = Release|Any CPU
	EndGlobalSection
	GlobalSection(SolutionProperties) = preSolution
		HideSolutionNode = FALSE
	EndGlobalSection
	GlobalSection(ExtensibilityGlobals) = postSolution
		SolutionGuid = {503E8CD6-EAA8-4B8D-BBD8-1D9CF2304029}
	EndGlobalSection
EndGlobal
